
Microsoft Visual Studio Solution File, Format Version 12.00
# Visual Studio 14
VisualStudioVersion = 14.0.25420.1
MinimumVisualStudioVersion = 10.0.40219.1
Project("{FAE04EC0-301F-11D3-BF4B-00C04F79EFBC}") = "WorkflowMax.Core", "WorkflowMax\WorkflowMax.Core.csproj", "{32EEAAC4-5B9B-4987-B7FC-584316E3FE99}"
EndProject
Project("{FAE04EC0-301F-11D3-BF4B-00C04F79EFBC}") = "WorkflowMax.Connector", "WorkflowMax.Connector\WorkflowMax.Connector.csproj", "{5717CCBD-606E-4F8C-8C41-41E6B7FF82DD}"
EndProject
Project("{FAE04EC0-301F-11D3-BF4B-00C04F79EFBC}") = "WorkflowMax.Connector.Tests", "WorkflowMax.Connector.Tests\WorkflowMax.Connector.Tests.csproj", "{8331852A-E48B-4DAE-98D3-466574372C4E}"
EndProject
Global
	GlobalSection(SolutionConfigurationPlatforms) = preSolution
		Debug|Any CPU = Debug|Any CPU
		Release|Any CPU = Release|Any CPU
	EndGlobalSection
	GlobalSection(ProjectConfigurationPlatforms) = postSolution
		{32EEAAC4-5B9B-4987-B7FC-584316E3FE99}.Debug|Any CPU.ActiveCfg = Debug|Any CPU
		{32EEAAC4-5B9B-4987-B7FC-584316E3FE99}.Debug|Any CPU.Build.0 = Debug|Any CPU
		{32EEAAC4-5B9B-4987-B7FC-584316E3FE99}.Release|Any CPU.ActiveCfg = Release|Any CPU
		{32EEAAC4-5B9B-4987-B7FC-584316E3FE99}.Release|Any CPU.Build.0 = Release|Any CPU
		{5717CCBD-606E-4F8C-8C41-41E6B7FF82DD}.Debug|Any CPU.ActiveCfg = Debug|Any CPU
		{5717CCBD-606E-4F8C-8C41-41E6B7FF82DD}.Debug|Any CPU.Build.0 = Debug|Any CPU
		{5717CCBD-606E-4F8C-8C41-41E6B7FF82DD}.Release|Any CPU.ActiveCfg = Release|Any CPU
		{5717CCBD-606E-4F8C-8C41-41E6B7FF82DD}.Release|Any CPU.Build.0 = Release|Any CPU
		{8331852A-E48B-4DAE-98D3-466574372C4E}.Debug|Any CPU.ActiveCfg = Debug|Any CPU
		{8331852A-E48B-4DAE-98D3-466574372C4E}.Debug|Any CPU.Build.0 = Debug|Any CPU
		{8331852A-E48B-4DAE-98D3-466574372C4E}.Release|Any CPU.ActiveCfg = Release|Any CPU
		{8331852A-E48B-4DAE-98D3-466574372C4E}.Release|Any CPU.Build.0 = Release|Any CPU
	EndGlobalSection
	GlobalSection(SolutionProperties) = preSolution
		HideSolutionNode = FALSE
	EndGlobalSection
EndGlobal
